
Microsoft Visual Studio Solution File, Format Version 12.00
# Visual Studio Version 17
VisualStudioVersion = 17.0.31903.59
MinimumVisualStudioVersion = 10.0.40219.1
Project("{2150E333-8FDC-42A3-9474-1A3956D46DE8}") = "src", "src", "{827E0CD3-B72D-47B6-A68D-7590B98EB39B}"
EndProject
Project("{2150E333-8FDC-42A3-9474-1A3956D46DE8}") = "Core", "Core", "{8D626EA8-CB54-BC41-363A-217881BEBA6E}"
EndProject
Project("{2150E333-8FDC-42A3-9474-1A3956D46DE8}") = "Domain", "Domain", "{53986343-908A-6037-C70A-1919D3E9F8C3}"
EndProject
Project("{FAE04EC0-301F-11D3-BF4B-00C04F79EFBC}") = "DoctorAppointmentApi.Domain", "src\Core\Domain\DoctorAppointmentApi.Domain.csproj", "{963F4E10-9846-4393-B0E0-3E5C635C48D4}"
EndProject
Project("{FAE04EC0-301F-11D3-BF4B-00C04F79EFBC}") = "DoctorAppointmentApi.Application", "src\Core\Application\DoctorAppointmentApi.Application.csproj", "{EE551825-82A5-4DF4-8222-1D3B0F8E75CB}"
EndProject
Project("{FAE04EC0-301F-11D3-BF4B-00C04F79EFBC}") = "DoctorAppointmentApi.Infrastructure", "src\Infrastructure\Persistence\DoctorAppointmentApi.Infrastructure.csproj", "{64BC0AA2-E71D-4165-9B51-BEE72DDFEC58}"
EndProject
Project("{FAE04EC0-301F-11D3-BF4B-00C04F79EFBC}") = "DoctorAppointmentApi.Infrastructure.External", "src\Infrastructure\External\DoctorAppointmentApi.Infrastructure.External.csproj", "{E7970DC6-4180-4E4F-AEC9-3795926A4B68}"
EndProject
Project("{FAE04EC0-301F-11D3-BF4B-00C04F79EFBC}") = "DoctorAppointmentApi.API", "src\Presentation\API\DoctorAppointmentApi.API.csproj", "{A31347F4-B1A8-489F-A6A8-D07E895F0A86}"
EndProject
Project("{2150E333-8FDC-42A3-9474-1A3956D46DE8}") = "Infrastructure", "Infrastructure", "{9048EB7F-3875-A59E-E36B-5BD4C6F2A282}"
EndProject
Project("{2150E333-8FDC-42A3-9474-1A3956D46DE8}") = "Persistence", "Persistence", "{813E7100-D1EB-AF84-2D96-A854DDFD8E47}"
EndProject
Global
	GlobalSection(SolutionConfigurationPlatforms) = preSolution
		Debug|Any CPU = Debug|Any CPU
		Debug|x64 = Debug|x64
		Debug|x86 = Debug|x86
		Release|Any CPU = Release|Any CPU
		Release|x64 = Release|x64
		Release|x86 = Release|x86
	EndGlobalSection
	GlobalSection(ProjectConfigurationPlatforms) = postSolution
		{963F4E10-9846-4393-B0E0-3E5C635C48D4}.Debug|Any CPU.ActiveCfg = Debug|Any CPU
		{963F4E10-9846-4393-B0E0-3E5C635C48D4}.Debug|Any CPU.Build.0 = Debug|Any CPU
		{963F4E10-9846-4393-B0E0-3E5C635C48D4}.Debug|x64.ActiveCfg = Debug|Any CPU
		{963F4E10-9846-4393-B0E0-3E5C635C48D4}.Debug|x64.Build.0 = Debug|Any CPU
		{963F4E10-9846-4393-B0E0-3E5C635C48D4}.Debug|x86.ActiveCfg = Debug|Any CPU
		{963F4E10-9846-4393-B0E0-3E5C635C48D4}.Debug|x86.Build.0 = Debug|Any CPU
		{963F4E10-9846-4393-B0E0-3E5C635C48D4}.Release|Any CPU.ActiveCfg = Release|Any CPU
		{963F4E10-9846-4393-B0E0-3E5C635C48D4}.Release|Any CPU.Build.0 = Release|Any CPU
		{963F4E10-9846-4393-B0E0-3E5C635C48D4}.Release|x64.ActiveCfg = Release|Any CPU
		{963F4E10-9846-4393-B0E0-3E5C635C48D4}.Release|x64.Build.0 = Release|Any CPU
		{963F4E10-9846-4393-B0E0-3E5C635C48D4}.Release|x86.ActiveCfg = Release|Any CPU
		{963F4E10-9846-4393-B0E0-3E5C635C48D4}.Release|x86.Build.0 = Release|Any CPU
		{EE551825-82A5-4DF4-8222-1D3B0F8E75CB}.Debug|Any CPU.ActiveCfg = Debug|Any CPU
		{EE551825-82A5-4DF4-8222-1D3B0F8E75CB}.Debug|Any CPU.Build.0 = Debug|Any CPU
		{EE551825-82A5-4DF4-8222-1D3B0F8E75CB}.Debug|x64.ActiveCfg = Debug|Any CPU
		{EE551825-82A5-4DF4-8222-1D3B0F8E75CB}.Debug|x64.Build.0 = Debug|Any CPU
		{EE551825-82A5-4DF4-8222-1D3B0F8E75CB}.Debug|x86.ActiveCfg = Debug|Any CPU
		{EE551825-82A5-4DF4-8222-1D3B0F8E75CB}.Debug|x86.Build.0 = Debug|Any CPU
		{EE551825-82A5-4DF4-8222-1D3B0F8E75CB}.Release|Any CPU.ActiveCfg = Release|Any CPU
		{EE551825-82A5-4DF4-8222-1D3B0F8E75CB}.Release|Any CPU.Build.0 = Release|Any CPU
		{EE551825-82A5-4DF4-8222-1D3B0F8E75CB}.Release|x64.ActiveCfg = Release|Any CPU
		{EE551825-82A5-4DF4-8222-1D3B0F8E75CB}.Release|x64.Build.0 = Release|Any CPU
		{EE551825-82A5-4DF4-8222-1D3B0F8E75CB}.Release|x86.ActiveCfg = Release|Any CPU
		{EE551825-82A5-4DF4-8222-1D3B0F8E75CB}.Release|x86.Build.0 = Release|Any CPU
		{64BC0AA2-E71D-4165-9B51-BEE72DDFEC58}.Debug|Any CPU.ActiveCfg = Debug|Any CPU
		{64BC0AA2-E71D-4165-9B51-BEE72DDFEC58}.Debug|Any CPU.Build.0 = Debug|Any CPU
		{64BC0AA2-E71D-4165-9B51-BEE72DDFEC58}.Debug|x64.ActiveCfg = Debug|Any CPU
		{64BC0AA2-E71D-4165-9B51-BEE72DDFEC58}.Debug|x64.Build.0 = Debug|Any CPU
		{64BC0AA2-E71D-4165-9B51-BEE72DDFEC58}.Debug|x86.ActiveCfg = Debug|Any CPU
		{64BC0AA2-E71D-4165-9B51-BEE72DDFEC58}.Debug|x86.Build.0 = Debug|Any CPU
		{64BC0AA2-E71D-4165-9B51-BEE72DDFEC58}.Release|Any CPU.ActiveCfg = Release|Any CPU
		{64BC0AA2-E71D-4165-9B51-BEE72DDFEC58}.Release|Any CPU.Build.0 = Release|Any CPU
		{64BC0AA2-E71D-4165-9B51-BEE72DDFEC58}.Release|x64.ActiveCfg = Release|Any CPU
		{64BC0AA2-E71D-4165-9B51-BEE72DDFEC58}.Release|x64.Build.0 = Release|Any CPU
		{64BC0AA2-E71D-4165-9B51-BEE72DDFEC58}.Release|x86.ActiveCfg = Release|Any CPU
		{64BC0AA2-E71D-4165-9B51-BEE72DDFEC58}.Release|x86.Build.0 = Release|Any CPU
		{E7970DC6-4180-4E4F-AEC9-3795926A4B68}.Debug|Any CPU.ActiveCfg = Debug|Any CPU
		{E7970DC6-4180-4E4F-AEC9-3795926A4B68}.Debug|Any CPU.Build.0 = Debug|Any CPU
		{E7970DC6-4180-4E4F-AEC9-3795926A4B68}.Debug|x64.ActiveCfg = Debug|Any CPU
		{E7970DC6-4180-4E4F-AEC9-3795926A4B68}.Debug|x64.Build.0 = Debug|Any CPU
		{E7970DC6-4180-4E4F-AEC9-3795926A4B68}.Debug|x86.ActiveCfg = Debug|Any CPU
		{E7970DC6-4180-4E4F-AEC9-3795926A4B68}.Debug|x86.Build.0 = Debug|Any CPU
		{E7970DC6-4180-4E4F-AEC9-3795926A4B68}.Release|Any CPU.ActiveCfg = Release|Any CPU
		{E7970DC6-4180-4E4F-AEC9-3795926A4B68}.Release|Any CPU.Build.0 = Release|Any CPU
		{E7970DC6-4180-4E4F-AEC9-3795926A4B68}.Release|x64.ActiveCfg = Release|Any CPU
		{E7970DC6-4180-4E4F-AEC9-3795926A4B68}.Release|x64.Build.0 = Release|Any CPU
		{E7970DC6-4180-4E4F-AEC9-3795926A4B68}.Release|x86.ActiveCfg = Release|Any CPU
		{E7970DC6-4180-4E4F-AEC9-3795926A4B68}.Release|x86.Build.0 = Release|Any CPU
		{A31347F4-B1A8-489F-A6A8-D07E895F0A86}.Debug|Any CPU.ActiveCfg = Debug|Any CPU
		{A31347F4-B1A8-489F-A6A8-D07E895F0A86}.Debug|Any CPU.Build.0 = Debug|Any CPU
		{A31347F4-B1A8-489F-A6A8-D07E895F0A86}.Debug|x64.ActiveCfg = Debug|Any CPU
		{A31347F4-B1A8-489F-A6A8-D07E895F0A86}.Debug|x64.Build.0 = Debug|Any CPU
		{A31347F4-B1A8-489F-A6A8-D07E895F0A86}.Debug|x86.ActiveCfg = Debug|Any CPU
		{A31347F4-B1A8-489F-A6A8-D07E895F0A86}.Debug|x86.Build.0 = Debug|Any CPU
		{A31347F4-B1A8-489F-A6A8-D07E895F0A86}.Release|Any CPU.ActiveCfg = Release|Any CPU
		{A31347F4-B1A8-489F-A6A8-D07E895F0A86}.Release|Any CPU.Build.0 = Release|Any CPU
		{A31347F4-B1A8-489F-A6A8-D07E895F0A86}.Release|x64.ActiveCfg = Release|Any CPU
		{A31347F4-B1A8-489F-A6A8-D07E895F0A86}.Release|x64.Build.0 = Release|Any CPU
		{A31347F4-B1A8-489F-A6A8-D07E895F0A86}.Release|x86.ActiveCfg = Release|Any CPU
		{A31347F4-B1A8-489F-A6A8-D07E895F0A86}.Release|x86.Build.0 = Release|Any CPU
	EndGlobalSection
	GlobalSection(SolutionProperties) = preSolution
		HideSolutionNode = FALSE
	EndGlobalSection
	GlobalSection(NestedProjects) = preSolution
		{8D626EA8-CB54-BC41-363A-217881BEBA6E} = {827E0CD3-B72D-47B6-A68D-7590B98EB39B}
		{53986343-908A-6037-C70A-1919D3E9F8C3} = {8D626EA8-CB54-BC41-363A-217881BEBA6E}
		{963F4E10-9846-4393-B0E0-3E5C635C48D4} = {53986343-908A-6037-C70A-1919D3E9F8C3}
		{EE551825-82A5-4DF4-8222-1D3B0F8E75CB} = {53986343-908A-6037-C70A-1919D3E9F8C3}
		{64BC0AA2-E71D-4165-9B51-BEE72DDFEC58} = {53986343-908A-6037-C70A-1919D3E9F8C3}
		{E7970DC6-4180-4E4F-AEC9-3795926A4B68} = {53986343-908A-6037-C70A-1919D3E9F8C3}
		{A31347F4-B1A8-489F-A6A8-D07E895F0A86} = {53986343-908A-6037-C70A-1919D3E9F8C3}
		{9048EB7F-3875-A59E-E36B-5BD4C6F2A282} = {827E0CD3-B72D-47B6-A68D-7590B98EB39B}
		{813E7100-D1EB-AF84-2D96-A854DDFD8E47} = {9048EB7F-3875-A59E-E36B-5BD4C6F2A282}
	EndGlobalSection
EndGlobal
